
Microsoft Visual Studio Solution File, Format Version 12.00
# Visual Studio 14
VisualStudioVersion = 14.0.25420.1
MinimumVisualStudioVersion = 10.0.40219.1
Project("{FAE04EC0-301F-11D3-BF4B-00C04F79EFBC}") = "DI", "DI\DI.csproj", "{7D4F49F4-0B6E-4AD9-9BEC-E3567F1A1382}"
EndProject
Project("{FAE04EC0-301F-11D3-BF4B-00C04F79EFBC}") = "DI.Test", "DI.Test\DI.Test.csproj", "{AA01A388-8926-40A0-915D-73C40AF06217}"
EndProject
Global
	GlobalSection(SolutionConfigurationPlatforms) = preSolution
		Debug|Any CPU = Debug|Any CPU
		Release|Any CPU = Release|Any CPU
	EndGlobalSection
	GlobalSection(ProjectConfigurationPlatforms) = postSolution
		{7D4F49F4-0B6E-4AD9-9BEC-E3567F1A1382}.Debug|Any CPU.ActiveCfg = Debug|Any CPU
		{7D4F49F4-0B6E-4AD9-9BEC-E3567F1A1382}.Debug|Any CPU.Build.0 = Debug|Any CPU
		{7D4F49F4-0B6E-4AD9-9BEC-E3567F1A1382}.Release|Any CPU.ActiveCfg = Release|Any CPU
		{7D4F49F4-0B6E-4AD9-9BEC-E3567F1A1382}.Release|Any CPU.Build.0 = Release|Any CPU
		{AA01A388-8926-40A0-915D-73C40AF06217}.Debug|Any CPU.ActiveCfg = Debug|Any CPU
		{AA01A388-8926-40A0-915D-73C40AF06217}.Debug|Any CPU.Build.0 = Debug|Any CPU
		{AA01A388-8926-40A0-915D-73C40AF06217}.Release|Any CPU.ActiveCfg = Release|Any CPU
		{AA01A388-8926-40A0-915D-73C40AF06217}.Release|Any CPU.Build.0 = Release|Any CPU
	EndGlobalSection
	GlobalSection(SolutionProperties) = preSolution
		HideSolutionNode = FALSE
	EndGlobalSection
EndGlobal
